
Microsoft Visual Studio Solution File, Format Version 12.00
# Visual Studio 2013
VisualStudioVersion = 12.0.30501.0
MinimumVisualStudioVersion = 10.0.40219.1
Project("{FAE04EC0-301F-11D3-BF4B-00C04F79EFBC}") = "PluginFundamentals", "PluginFundamentals\PluginFundamentals.csproj", "{1F16A38C-9EFD-43A7-9072-0FE01FDB79F7}"
	GlobalSection(PlasticSccProperties) = preSolution
		ControlledByPlastic = True
		SccProvider = Plastic SCM
	EndGlobalSection
EndProject
Project("{FAE04EC0-301F-11D3-BF4B-00C04F79EFBC}") = "Abstraction", "Abstraction\Abstraction.csproj", "{B5F20B72-DACC-4368-ABE4-DC31099B49B6}"
	GlobalSection(PlasticSccProperties) = preSolution
		ControlledByPlastic = True
		SccProvider = Plastic SCM
	EndGlobalSection
EndProject
Global
	GlobalSection(PlasticSccProperties) = preSolution
		ControlledByPlastic = True
		SccProvider = Plastic SCM
	EndGlobalSection
	GlobalSection(SolutionConfigurationPlatforms) = preSolution
		Debug|Any CPU = Debug|Any CPU
		Release|Any CPU = Release|Any CPU
	EndGlobalSection
	GlobalSection(ProjectConfigurationPlatforms) = postSolution
		{1F16A38C-9EFD-43A7-9072-0FE01FDB79F7}.Debug|Any CPU.ActiveCfg = Debug|Any CPU
		{1F16A38C-9EFD-43A7-9072-0FE01FDB79F7}.Debug|Any CPU.Build.0 = Debug|Any CPU
		{1F16A38C-9EFD-43A7-9072-0FE01FDB79F7}.Release|Any CPU.ActiveCfg = Release|Any CPU
		{1F16A38C-9EFD-43A7-9072-0FE01FDB79F7}.Release|Any CPU.Build.0 = Release|Any CPU
		{B5F20B72-DACC-4368-ABE4-DC31099B49B6}.Debug|Any CPU.ActiveCfg = Debug|Any CPU
		{B5F20B72-DACC-4368-ABE4-DC31099B49B6}.Debug|Any CPU.Build.0 = Debug|Any CPU
		{B5F20B72-DACC-4368-ABE4-DC31099B49B6}.Release|Any CPU.ActiveCfg = Release|Any CPU
		{B5F20B72-DACC-4368-ABE4-DC31099B49B6}.Release|Any CPU.Build.0 = Release|Any CPU
	EndGlobalSection
	GlobalSection(SolutionProperties) = preSolution
		HideSolutionNode = FALSE
	EndGlobalSection
EndGlobal
